// !$*UTF8*$!
{
	archiveVersion = 1;
	classes = {
	};
	objectVersion = 55;
	objects = {

/* Begin PBXBuildFile section */
		CF38AD4527CB7DFF00570A38 /* SoundManager.swift in Sources */ = {isa = PBXBuildFile; fileRef = CF38AD4427CB7DFF00570A38 /* SoundManager.swift */; };
		CF38AD4827CB7F3000570A38 /* ding.mp3 in Resources */ = {isa = PBXBuildFile; fileRef = CF38AD4727CB7F3000570A38 /* ding.mp3 */; };
		CF38AD4A27CBC73300570A38 /* ImageModel.swift in Sources */ = {isa = PBXBuildFile; fileRef = CF38AD4927CBC73300570A38 /* ImageModel.swift */; };
		CF38AD6127CBD2E800570A38 /* BackgroundViewModel.swift in Sources */ = {isa = PBXBuildFile; fileRef = CF38AD6027CBD2E800570A38 /* BackgroundViewModel.swift */; };
		CFC776B927C953640050BBF3 /* GustavApp.swift in Sources */ = {isa = PBXBuildFile; fileRef = CFC776B827C953640050BBF3 /* GustavApp.swift */; };
		CFC776BB27C953640050BBF3 /* ContentView.swift in Sources */ = {isa = PBXBuildFile; fileRef = CFC776BA27C953640050BBF3 /* ContentView.swift */; };
		CFC776BD27C953640050BBF3 /* Assets.xcassets in Resources */ = {isa = PBXBuildFile; fileRef = CFC776BC27C953640050BBF3 /* Assets.xcassets */; };
		CFC776C027C953640050BBF3 /* Preview Assets.xcassets in Resources */ = {isa = PBXBuildFile; fileRef = CFC776BF27C953640050BBF3 /* Preview Assets.xcassets */; };
		CFC776C727C95C990050BBF3 /* ProgressBarView.swift in Sources */ = {isa = PBXBuildFile; fileRef = CFC776C627C95C990050BBF3 /* ProgressBarView.swift */; };
		CFC776CB27C963110050BBF3 /* TimeModel.swift in Sources */ = {isa = PBXBuildFile; fileRef = CFC776CA27C963110050BBF3 /* TimeModel.swift */; };
		CFC776CE27C963D40050BBF3 /* TimerViewModel.swift in Sources */ = {isa = PBXBuildFile; fileRef = CFC776CD27C963D40050BBF3 /* TimerViewModel.swift */; };
		CFC776D027C97A650050BBF3 /* SettingsView.swift in Sources */ = {isa = PBXBuildFile; fileRef = CFC776CF27C97A650050BBF3 /* SettingsView.swift */; };
/* End PBXBuildFile section */

/* Begin PBXFileReference section */
		CF38AD4427CB7DFF00570A38 /* SoundManager.swift */ = {isa = PBXFileReference; lastKnownFileType = sourcecode.swift; path = SoundManager.swift; sourceTree = "<group>"; };
		CF38AD4727CB7F3000570A38 /* ding.mp3 */ = {isa = PBXFileReference; lastKnownFileType = audio.mp3; path = ding.mp3; sourceTree = "<group>"; };
		CF38AD4927CBC73300570A38 /* ImageModel.swift */ = {isa = PBXFileReference; lastKnownFileType = sourcecode.swift; path = ImageModel.swift; sourceTree = "<group>"; };
		CF38AD6027CBD2E800570A38 /* BackgroundViewModel.swift */ = {isa = PBXFileReference; lastKnownFileType = sourcecode.swift; path = BackgroundViewModel.swift; sourceTree = "<group>"; };
		CFC776B527C953640050BBF3 /* Gustav.app */ = {isa = PBXFileReference; explicitFileType = wrapper.application; includeInIndex = 0; path = Gustav.app; sourceTree = BUILT_PRODUCTS_DIR; };
		CFC776B827C953640050BBF3 /* GustavApp.swift */ = {isa = PBXFileReference; lastKnownFileType = sourcecode.swift; path = GustavApp.swift; sourceTree = "<group>"; };
		CFC776BA27C953640050BBF3 /* ContentView.swift */ = {isa = PBXFileReference; lastKnownFileType = sourcecode.swift; path = ContentView.swift; sourceTree = "<group>"; };
		CFC776BC27C953640050BBF3 /* Assets.xcassets */ = {isa = PBXFileReference; lastKnownFileType = folder.assetcatalog; path = Assets.xcassets; sourceTree = "<group>"; };
		CFC776BF27C953640050BBF3 /* Preview Assets.xcassets */ = {isa = PBXFileReference; lastKnownFileType = folder.assetcatalog; path = "Preview Assets.xcassets"; sourceTree = "<group>"; };
		CFC776C627C95C990050BBF3 /* ProgressBarView.swift */ = {isa = PBXFileReference; lastKnownFileType = sourcecode.swift; path = ProgressBarView.swift; sourceTree = "<group>"; };
		CFC776CA27C963110050BBF3 /* TimeModel.swift */ = {isa = PBXFileReference; lastKnownFileType = sourcecode.swift; path = TimeModel.swift; sourceTree = "<group>"; };
		CFC776CD27C963D40050BBF3 /* TimerViewModel.swift */ = {isa = PBXFileReference; lastKnownFileType = sourcecode.swift; path = TimerViewModel.swift; sourceTree = "<group>"; };
		CFC776CF27C97A650050BBF3 /* SettingsView.swift */ = {isa = PBXFileReference; lastKnownFileType = sourcecode.swift; path = SettingsView.swift; sourceTree = "<group>"; };
/* End PBXFileReference section */

/* Begin PBXFrameworksBuildPhase section */
		CFC776B227C953640050BBF3 /* Frameworks */ = {
			isa = PBXFrameworksBuildPhase;
			buildActionMask = 2147483647;
			files = (
			);
			runOnlyForDeploymentPostprocessing = 0;
		};
/* End PBXFrameworksBuildPhase section */

/* Begin PBXGroup section */
		CF38AD4627CB7F0D00570A38 /* Sounds */ = {
			isa = PBXGroup;
			children = (
				CF38AD4727CB7F3000570A38 /* ding.mp3 */,
			);
			path = Sounds;
			sourceTree = "<group>";
		};
		CFC776AC27C953640050BBF3 = {
			isa = PBXGroup;
			children = (
				CFC776B727C953640050BBF3 /* Gustav */,
				CFC776B627C953640050BBF3 /* Products */,
			);
			sourceTree = "<group>";
		};
		CFC776B627C953640050BBF3 /* Products */ = {
			isa = PBXGroup;
			children = (
				CFC776B527C953640050BBF3 /* Gustav.app */,
			);
			name = Products;
			sourceTree = "<group>";
		};
		CFC776B727C953640050BBF3 /* Gustav */ = {
			isa = PBXGroup;
			children = (
				CFC776B827C953640050BBF3 /* GustavApp.swift */,
				CF38AD4427CB7DFF00570A38 /* SoundManager.swift */,
				CF38AD4627CB7F0D00570A38 /* Sounds */,
				CFC776CC27C963BF0050BBF3 /* ViewModels */,
				CFC776C927C962F50050BBF3 /* Models */,
				CFC776C827C962E60050BBF3 /* Views */,
				CFC776BC27C953640050BBF3 /* Assets.xcassets */,
				CFC776BE27C953640050BBF3 /* Preview Content */,
			);
			path = Gustav;
			sourceTree = "<group>";
		};
		CFC776BE27C953640050BBF3 /* Preview Content */ = {
			isa = PBXGroup;
			children = (
				CFC776BF27C953640050BBF3 /* Preview Assets.xcassets */,
			);
			path = "Preview Content";
			sourceTree = "<group>";
		};
		CFC776C827C962E60050BBF3 /* Views */ = {
			isa = PBXGroup;
			children = (
				CFC776BA27C953640050BBF3 /* ContentView.swift */,
				CFC776C627C95C990050BBF3 /* ProgressBarView.swift */,
				CFC776CF27C97A650050BBF3 /* SettingsView.swift */,
			);
			path = Views;
			sourceTree = "<group>";
		};
		CFC776C927C962F50050BBF3 /* Models */ = {
			isa = PBXGroup;
			children = (
				CFC776CA27C963110050BBF3 /* TimeModel.swift */,
				CF38AD4927CBC73300570A38 /* ImageModel.swift */,
			);
			path = Models;
			sourceTree = "<group>";
		};
		CFC776CC27C963BF0050BBF3 /* ViewModels */ = {
			isa = PBXGroup;
			children = (
				CFC776CD27C963D40050BBF3 /* TimerViewModel.swift */,
				CF38AD6027CBD2E800570A38 /* BackgroundViewModel.swift */,
			);
			path = ViewModels;
			sourceTree = "<group>";
		};
/* End PBXGroup section */

/* Begin PBXNativeTarget section */
		CFC776B427C953640050BBF3 /* Gustav */ = {
			isa = PBXNativeTarget;
			buildConfigurationList = CFC776C327C953640050BBF3 /* Build configuration list for PBXNativeTarget "Gustav" */;
			buildPhases = (
				CFC776B127C953640050BBF3 /* Sources */,
				CFC776B227C953640050BBF3 /* Frameworks */,
				CFC776B327C953640050BBF3 /* Resources */,
			);
			buildRules = (
			);
			dependencies = (
			);
			name = Gustav;
			productName = Gustav;
			productReference = CFC776B527C953640050BBF3 /* Gustav.app */;
			productType = "com.apple.product-type.application";
		};
/* End PBXNativeTarget section */

/* Begin PBXProject section */
		CFC776AD27C953640050BBF3 /* Project object */ = {
			isa = PBXProject;
			attributes = {
				BuildIndependentTargetsInParallel = 1;
				LastSwiftUpdateCheck = 1320;
				LastUpgradeCheck = 1320;
				TargetAttributes = {
					CFC776B427C953640050BBF3 = {
						CreatedOnToolsVersion = 13.2.1;
					};
				};
			};
			buildConfigurationList = CFC776B027C953640050BBF3 /* Build configuration list for PBXProject "Gustav" */;
			compatibilityVersion = "Xcode 13.0";
			developmentRegion = en;
			hasScannedForEncodings = 0;
			knownRegions = (
				en,
				Base,
			);
			mainGroup = CFC776AC27C953640050BBF3;
			productRefGroup = CFC776B627C953640050BBF3 /* Products */;
			projectDirPath = "";
			projectRoot = "";
			targets = (
				CFC776B427C953640050BBF3 /* Gustav */,
			);
		};
/* End PBXProject section */

/* Begin PBXResourcesBuildPhase section */
		CFC776B327C953640050BBF3 /* Resources */ = {
			isa = PBXResourcesBuildPhase;
			buildActionMask = 2147483647;
			files = (
				CFC776C027C953640050BBF3 /* Preview Assets.xcassets in Resources */,
				CFC776BD27C953640050BBF3 /* Assets.xcassets in Resources */,
				CF38AD4827CB7F3000570A38 /* ding.mp3 in Resources */,
			);
			runOnlyForDeploymentPostprocessing = 0;
		};
/* End PBXResourcesBuildPhase section */

/* Begin PBXSourcesBuildPhase section */
		CFC776B127C953640050BBF3 /* Sources */ = {
			isa = PBXSourcesBuildPhase;
			buildActionMask = 2147483647;
			files = (
				CFC776CE27C963D40050BBF3 /* TimerViewModel.swift in Sources */,
				CF38AD6127CBD2E800570A38 /* BackgroundViewModel.swift in Sources */,
				CFC776BB27C953640050BBF3 /* ContentView.swift in Sources */,
				CFC776C727C95C990050BBF3 /* ProgressBarView.swift in Sources */,
				CFC776D027C97A650050BBF3 /* SettingsView.swift in Sources */,
				CFC776CB27C963110050BBF3 /* TimeModel.swift in Sources */,
				CF38AD4527CB7DFF00570A38 /* SoundManager.swift in Sources */,
				CFC776B927C953640050BBF3 /* GustavApp.swift in Sources */,
				CF38AD4A27CBC73300570A38 /* ImageModel.swift in Sources */,
			);
			runOnlyForDeploymentPostprocessing = 0;
		};
/* End PBXSourcesBuildPhase section */

/* Begin XCBuildConfiguration section */
		CFC776C127C953640050BBF3 /* Debug */ = {
			isa = XCBuildConfiguration;
			buildSettings = {
				ALWAYS_SEARCH_USER_PATHS = NO;
				CLANG_ANALYZER_NONNULL = YES;
				CLANG_ANALYZER_NUMBER_OBJECT_CONVERSION = YES_AGGRESSIVE;
				CLANG_CXX_LANGUAGE_STANDARD = "gnu++17";
				CLANG_CXX_LIBRARY = "libc++";
				CLANG_ENABLE_MODULES = YES;
				CLANG_ENABLE_OBJC_ARC = YES;
				CLANG_ENABLE_OBJC_WEAK = YES;
				CLANG_WARN_BLOCK_CAPTURE_AUTORELEASING = YES;
				CLANG_WARN_BOOL_CONVERSION = YES;
				CLANG_WARN_COMMA = YES;
				CLANG_WARN_CONSTANT_CONVERSION = YES;
				CLANG_WARN_DEPRECATED_OBJC_IMPLEMENTATIONS = YES;
				CLANG_WARN_DIRECT_OBJC_ISA_USAGE = YES_ERROR;
				CLANG_WARN_DOCUMENTATION_COMMENTS = YES;
				CLANG_WARN_EMPTY_BODY = YES;
				CLANG_WARN_ENUM_CONVERSION = YES;
				CLANG_WARN_INFINITE_RECURSION = YES;
				CLANG_WARN_INT_CONVERSION = YES;
				CLANG_WARN_NON_LITERAL_NULL_CONVERSION = YES;
				CLANG_WARN_OBJC_IMPLICIT_RETAIN_SELF = YES;
				CLANG_WARN_OBJC_LITERAL_CONVERSION = YES;
				CLANG_WARN_OBJC_ROOT_CLASS = YES_ERROR;
				CLANG_WARN_QUOTED_INCLUDE_IN_FRAMEWORK_HEADER = YES;
				CLANG_WARN_RANGE_LOOP_ANALYSIS = YES;
				CLANG_WARN_STRICT_PROTOTYPES = YES;
				CLANG_WARN_SUSPICIOUS_MOVE = YES;
				CLANG_WARN_UNGUARDED_AVAILABILITY = YES_AGGRESSIVE;
				CLANG_WARN_UNREACHABLE_CODE = YES;
				CLANG_WARN__DUPLICATE_METHOD_MATCH = YES;
				COPY_PHASE_STRIP = NO;
				DEBUG_INFORMATION_FORMAT = dwarf;
				ENABLE_STRICT_OBJC_MSGSEND = YES;
				ENABLE_TESTABILITY = YES;
				GCC_C_LANGUAGE_STANDARD = gnu11;
				GCC_DYNAMIC_NO_PIC = NO;
				GCC_NO_COMMON_BLOCKS = YES;
				GCC_OPTIMIZATION_LEVEL = 0;
				GCC_PREPROCESSOR_DEFINITIONS = (
					"DEBUG=1",
					"$(inherited)",
				);
				GCC_WARN_64_TO_32_BIT_CONVERSION = YES;
				GCC_WARN_ABOUT_RETURN_TYPE = YES_ERROR;
				GCC_WARN_UNDECLARED_SELECTOR = YES;
				GCC_WARN_UNINITIALIZED_AUTOS = YES_AGGRESSIVE;
				GCC_WARN_UNUSED_FUNCTION = YES;
				GCC_WARN_UNUSED_VARIABLE = YES;
				IPHONEOS_DEPLOYMENT_TARGET = 15.2;
				MTL_ENABLE_DEBUG_INFO = INCLUDE_SOURCE;
				MTL_FAST_MATH = YES;
				ONLY_ACTIVE_ARCH = YES;
				SDKROOT = iphoneos;
				SWIFT_ACTIVE_COMPILATION_CONDITIONS = DEBUG;
				SWIFT_OPTIMIZATION_LEVEL = "-Onone";
			};
			name = Debug;
		};
		CFC776C227C953640050BBF3 /* Release */ = {
			isa = XCBuildConfiguration;
			buildSettings = {
				ALWAYS_SEARCH_USER_PATHS = NO;
				CLANG_ANALYZER_NONNULL = YES;
				CLANG_ANALYZER_NUMBER_OBJECT_CONVERSION = YES_AGGRESSIVE;
				CLANG_CXX_LANGUAGE_STANDARD = "gnu++17";
				CLANG_CXX_LIBRARY = "libc++";
				CLANG_ENABLE_MODULES = YES;
				CLANG_ENABLE_OBJC_ARC = YES;
				CLANG_ENABLE_OBJC_WEAK = YES;
				CLANG_WARN_BLOCK_CAPTURE_AUTORELEASING = YES;
				CLANG_WARN_BOOL_CONVERSION = YES;
				CLANG_WARN_COMMA = YES;
				CLANG_WARN_CONSTANT_CONVERSION = YES;
				CLANG_WARN_DEPRECATED_OBJC_IMPLEMENTATIONS = YES;
				CLANG_WARN_DIRECT_OBJC_ISA_USAGE = YES_ERROR;
				CLANG_WARN_DOCUMENTATION_COMMENTS = YES;
				CLANG_WARN_EMPTY_BODY = YES;
				CLANG_WARN_ENUM_CONVERSION = YES;
				CLANG_WARN_INFINITE_RECURSION = YES;
				CLANG_WARN_INT_CONVERSION = YES;
				CLANG_WARN_NON_LITERAL_NULL_CONVERSION = YES;
				CLANG_WARN_OBJC_IMPLICIT_RETAIN_SELF = YES;
				CLANG_WARN_OBJC_LITERAL_CONVERSION = YES;
				CLANG_WARN_OBJC_ROOT_CLASS = YES_ERROR;
				CLANG_WARN_QUOTED_INCLUDE_IN_FRAMEWORK_HEADER = YES;
				CLANG_WARN_RANGE_LOOP_ANALYSIS = YES;
				CLANG_WARN_STRICT_PROTOTYPES = YES;
				CLANG_WARN_SUSPICIOUS_MOVE = YES;
				CLANG_WARN_UNGUARDED_AVAILABILITY = YES_AGGRESSIVE;
				CLANG_WARN_UNREACHABLE_CODE = YES;
				CLANG_WARN__DUPLICATE_METHOD_MATCH = YES;
				COPY_PHASE_STRIP = NO;
				DEBUG_INFORMATION_FORMAT = "dwarf-with-dsym";
				ENABLE_NS_ASSERTIONS = NO;
				ENABLE_STRICT_OBJC_MSGSEND = YES;
				GCC_C_LANGUAGE_STANDARD = gnu11;
				GCC_NO_COMMON_BLOCKS = YES;
				GCC_WARN_64_TO_32_BIT_CONVERSION = YES;
				GCC_WARN_ABOUT_RETURN_TYPE = YES_ERROR;
				GCC_WARN_UNDECLARED_SELECTOR = YES;
				GCC_WARN_UNINITIALIZED_AUTOS = YES_AGGRESSIVE;
				GCC_WARN_UNUSED_FUNCTION = YES;
				GCC_WARN_UNUSED_VARIABLE = YES;
				IPHONEOS_DEPLOYMENT_TARGET = 15.2;
				MTL_ENABLE_DEBUG_INFO = NO;
				MTL_FAST_MATH = YES;
				SDKROOT = iphoneos;
				SWIFT_COMPILATION_MODE = wholemodule;
				SWIFT_OPTIMIZATION_LEVEL = "-O";
				VALIDATE_PRODUCT = YES;
			};
			name = Release;
		};
		CFC776C427C953640050BBF3 /* Debug */ = {
			isa = XCBuildConfiguration;
			buildSettings = {
				ASSETCATALOG_COMPILER_APPICON_NAME = AppIcon;
				ASSETCATALOG_COMPILER_GLOBAL_ACCENT_COLOR_NAME = AccentColor;
				CODE_SIGN_STYLE = Automatic;
				CURRENT_PROJECT_VERSION = 1;
				DEVELOPMENT_ASSET_PATHS = "\"Gustav/Preview Content\"";
				DEVELOPMENT_TEAM = BY8G7HDNPV;
				ENABLE_PREVIEWS = YES;
				GENERATE_INFOPLIST_FILE = YES;
				INFOPLIST_KEY_UIApplicationSceneManifest_Generation = YES;
				INFOPLIST_KEY_UIApplicationSupportsIndirectInputEvents = YES;
				INFOPLIST_KEY_UILaunchScreen_Generation = YES;
				INFOPLIST_KEY_UISupportedInterfaceOrientations = UIInterfaceOrientationPortrait;
				INFOPLIST_KEY_UISupportedInterfaceOrientations_iPhone = UIInterfaceOrientationPortrait;
				LD_RUNPATH_SEARCH_PATHS = (
					"$(inherited)",
					"@executable_path/Frameworks",
				);
				MARKETING_VERSION = 1.0;
				PRODUCT_BUNDLE_IDENTIFIER = cz.djdesign.Gustav;
				PRODUCT_NAME = "$(TARGET_NAME)";
				SWIFT_EMIT_LOC_STRINGS = YES;
				SWIFT_VERSION = 5.0;
				TARGETED_DEVICE_FAMILY = 1;
			};
			name = Debug;
		};
		CFC776C527C953640050BBF3 /* Release */ = {
			isa = XCBuildConfiguration;
			buildSettings = {
				ASSETCATALOG_COMPILER_APPICON_NAME = AppIcon;
				ASSETCATALOG_COMPILER_GLOBAL_ACCENT_COLOR_NAME = AccentColor;
				CODE_SIGN_STYLE = Automatic;
				CURRENT_PROJECT_VERSION = 1;
				DEVELOPMENT_ASSET_PATHS = "\"Gustav/Preview Content\"";
				DEVELOPMENT_TEAM = BY8G7HDNPV;
				ENABLE_PREVIEWS = YES;
				GENERATE_INFOPLIST_FILE = YES;
				INFOPLIST_KEY_UIApplicationSceneManifest_Generation = YES;
				INFOPLIST_KEY_UIApplicationSupportsIndirectInputEvents = YES;
				INFOPLIST_KEY_UILaunchScreen_Generation = YES;
				INFOPLIST_KEY_UISupportedInterfaceOrientations = UIInterfaceOrientationPortrait;
				INFOPLIST_KEY_UISupportedInterfaceOrientations_iPhone = UIInterfaceOrientationPortrait;
				LD_RUNPATH_SEARCH_PATHS = (
					"$(inherited)",
					"@executable_path/Frameworks",
				);
				MARKETING_VERSION = 1.0;
				PRODUCT_BUNDLE_IDENTIFIER = cz.djdesign.Gustav;
				PRODUCT_NAME = "$(TARGET_NAME)";
				SWIFT_EMIT_LOC_STRINGS = YES;
				SWIFT_VERSION = 5.0;
				TARGETED_DEVICE_FAMILY = 1;
			};
			name = Release;
		};
/* End XCBuildConfiguration section */

/* Begin XCConfigurationList section */
		CFC776B027C953640050BBF3 /* Build configuration list for PBXProject "Gustav" */ = {
			isa = XCConfigurationList;
			buildConfigurations = (
				CFC776C127C953640050BBF3 /* Debug */,
				CFC776C227C953640050BBF3 /* Release */,
			);
			defaultConfigurationIsVisible = 0;
			defaultConfigurationName = Release;
		};
		CFC776C327C953640050BBF3 /* Build configuration list for PBXNativeTarget "Gustav" */ = {
			isa = XCConfigurationList;
			buildConfigurations = (
				CFC776C427C953640050BBF3 /* Debug */,
				CFC776C527C953640050BBF3 /* Release */,
			);
			defaultConfigurationIsVisible = 0;
			defaultConfigurationName = Release;
		};
/* End XCConfigurationList section */
	};
	rootObject = CFC776AD27C953640050BBF3 /* Project object */;
}
